{
  "name": "fix_boundaries",
  "version": "1.0.0",
  "lockfileVersion": 3,
  "requires": true,
  "packages": {
    "": {
      "name": "fix_boundaries",
      "version": "1.0.0",
      "license": "Apache-2.0",
      "dependencies": {
        "@turf/convex": "^6.5.0"
      }
    },
    "node_modules/@turf/convex": {
      "version": "6.5.0",
      "resolved": "https://registry.npmjs.org/@turf/convex/-/convex-6.5.0.tgz",
      "integrity": "sha512-x7ZwC5z7PJB0SBwNh7JCeCNx7Iu+QSrH7fYgK0RhhNop13TqUlvHMirMLRgf2db1DqUetrAO2qHJeIuasquUWg==",
      "dependencies": {
        "@turf/helpers": "^6.5.0",
        "@turf/meta": "^6.5.0",
        "concaveman": "*"
      },
      "funding": {
        "url": "https://opencollective.com/turf"
      }
    },
    "node_modules/@turf/helpers": {
      "version": "6.5.0",
      "resolved": "https://registry.npmjs.org/@turf/helpers/-/helpers-6.5.0.tgz",
      "integrity": "sha512-VbI1dV5bLFzohYYdgqwikdMVpe7pJ9X3E+dlr425wa2/sMJqYDhTO++ec38/pcPvPE6oD9WEEeU3Xu3gza+VPw==",
      "funding": {
        "url": "https://opencollective.com/turf"
      }
    },
    "node_modules/@turf/meta": {
      "version": "6.5.0",
      "resolved": "https://registry.npmjs.org/@turf/meta/-/meta-6.5.0.tgz",
      "integrity": "sha512-RrArvtsV0vdsCBegoBtOalgdSOfkBrTJ07VkpiCnq/491W67hnMWmDu7e6Ztw0C3WldRYTXkg3SumfdzZxLBHA==",
      "dependencies": {
        "@turf/helpers": "^6.5.0"
      },
      "funding": {
        "url": "https://opencollective.com/turf"
      }
    },
    "node_modules/concaveman": {
      "version": "1.2.1",
      "resolved": "https://registry.npmjs.org/concaveman/-/concaveman-1.2.1.tgz",
      "integrity": "sha512-PwZYKaM/ckQSa8peP5JpVr7IMJ4Nn/MHIaWUjP4be+KoZ7Botgs8seAZGpmaOM+UZXawcdYRao/px9ycrCihHw==",
      "dependencies": {
        "point-in-polygon": "^1.1.0",
        "rbush": "^3.0.1",
        "robust-predicates": "^2.0.4",
        "tinyqueue": "^2.0.3"
      }
    },
    "node_modules/point-in-polygon": {
      "version": "1.1.0",
      "resolved": "https://registry.npmjs.org/point-in-polygon/-/point-in-polygon-1.1.0.tgz",
      "integrity": "sha512-3ojrFwjnnw8Q9242TzgXuTD+eKiutbzyslcq1ydfu82Db2y+Ogbmyrkpv0Hgj31qwT3lbS9+QAAO/pIQM35XRw=="
    },
    "node_modules/quickselect": {
      "version": "2.0.0",
      "resolved": "https://registry.npmjs.org/quickselect/-/quickselect-2.0.0.tgz",
      "integrity": "sha512-RKJ22hX8mHe3Y6wH/N3wCM6BWtjaxIyyUIkpHOvfFnxdI4yD4tBXEBKSbriGujF6jnSVkJrffuo6vxACiSSxIw=="
    },
    "node_modules/rbush": {
      "version": "3.0.1",
      "resolved": "https://registry.npmjs.org/rbush/-/rbush-3.0.1.tgz",
      "integrity": "sha512-XRaVO0YecOpEuIvbhbpTrZgoiI6xBlz6hnlr6EHhd+0x9ase6EmeN+hdwwUaJvLcsFFQ8iWVF1GAK1yB0BWi0w==",
      "dependencies": {
        "quickselect": "^2.0.0"
      }
    },
    "node_modules/robust-predicates": {
      "version": "2.0.4",
      "resolved": "https://registry.npmjs.org/robust-predicates/-/robust-predicates-2.0.4.tgz",
      "integrity": "sha512-l4NwboJM74Ilm4VKfbAtFeGq7aEjWL+5kVFcmgFA2MrdnQWx9iE/tUGvxY5HyMI7o/WpSIUFLbC5fbeaHgSCYg=="
    },
    "node_modules/tinyqueue": {
      "version": "2.0.3",
      "resolved": "https://registry.npmjs.org/tinyqueue/-/tinyqueue-2.0.3.tgz",
      "integrity": "sha512-ppJZNDuKGgxzkHihX8v9v9G5f+18gzaTfrukGrq6ueg0lmH4nqVnA2IPG0AEH3jKEk2GRJCUhDoqpoiw3PHLBA=="
    }
  }
}
